
Microsoft Visual Studio Solution File, Format Version 12.00
Project("{FAE04EC0-301F-11D3-BF4B-00C04F79EFBC}") = "Better.Way.To.Configure.EFCore", "Better.Way.To.Configure.EFCore.csproj", "{09E7E7B1-517C-45A3-8FBE-A08EDF8EBC47}"
EndProject
Global
	GlobalSection(SolutionConfigurationPlatforms) = preSolution
		Debug|Any CPU = Debug|Any CPU
		Release|Any CPU = Release|Any CPU
	EndGlobalSection
	GlobalSection(ProjectConfigurationPlatforms) = postSolution
		{09E7E7B1-517C-45A3-8FBE-A08EDF8EBC47}.Debug|Any CPU.ActiveCfg = Debug|Any CPU
		{09E7E7B1-517C-45A3-8FBE-A08EDF8EBC47}.Debug|Any CPU.Build.0 = Debug|Any CPU
		{09E7E7B1-517C-45A3-8FBE-A08EDF8EBC47}.Release|Any CPU.ActiveCfg = Release|Any CPU
		{09E7E7B1-517C-45A3-8FBE-A08EDF8EBC47}.Release|Any CPU.Build.0 = Release|Any CPU
	EndGlobalSection
EndGlobal
